
Microsoft Visual Studio Solution File, Format Version 12.00
# Visual Studio 14
VisualStudioVersion = 14.0.23107.0
MinimumVisualStudioVersion = 10.0.40219.1
Project("{FAE04EC0-301F-11D3-BF4B-00C04F79EFBC}") = "SmartApplication", "SmartApplication\SmartApplication.csproj", "{A7867BB2-F8B8-4EC6-B4DA-6F305AB7082E}"
EndProject
Project("{FAE04EC0-301F-11D3-BF4B-00C04F79EFBC}") = "SmartApplication.Tests", "SmartApplication.Tests\SmartApplication.Tests.csproj", "{41F6A829-BA5C-4B1D-8DB5-F2B61C665379}"
EndProject
Project("{FAE04EC0-301F-11D3-BF4B-00C04F79EFBC}") = "SmartModel", "SmartModel\SmartModel.csproj", "{57C02362-4FBD-44D0-9630-3C90F67CD230}"
EndProject
Project("{FAE04EC0-301F-11D3-BF4B-00C04F79EFBC}") = "SmartBusinessLogic", "SmartBusinessLogic\SmartBusinessLogic.csproj", "{9E72BCE2-5970-4DB9-97B9-0EBD2274B0DF}"
EndProject
Project("{FAE04EC0-301F-11D3-BF4B-00C04F79EFBC}") = "SmartDAL", "SmartDAL\SmartDAL.csproj", "{016495CF-AC48-49AD-9450-BB4D3645FEA5}"
EndProject
Global
	GlobalSection(SolutionConfigurationPlatforms) = preSolution
		Debug|Any CPU = Debug|Any CPU
		Release|Any CPU = Release|Any CPU
	EndGlobalSection
	GlobalSection(ProjectConfigurationPlatforms) = postSolution
		{A7867BB2-F8B8-4EC6-B4DA-6F305AB7082E}.Debug|Any CPU.ActiveCfg = Debug|Any CPU
		{A7867BB2-F8B8-4EC6-B4DA-6F305AB7082E}.Debug|Any CPU.Build.0 = Debug|Any CPU
		{A7867BB2-F8B8-4EC6-B4DA-6F305AB7082E}.Release|Any CPU.ActiveCfg = Release|Any CPU
		{A7867BB2-F8B8-4EC6-B4DA-6F305AB7082E}.Release|Any CPU.Build.0 = Release|Any CPU
		{41F6A829-BA5C-4B1D-8DB5-F2B61C665379}.Debug|Any CPU.ActiveCfg = Debug|Any CPU
		{41F6A829-BA5C-4B1D-8DB5-F2B61C665379}.Debug|Any CPU.Build.0 = Debug|Any CPU
		{41F6A829-BA5C-4B1D-8DB5-F2B61C665379}.Release|Any CPU.ActiveCfg = Release|Any CPU
		{41F6A829-BA5C-4B1D-8DB5-F2B61C665379}.Release|Any CPU.Build.0 = Release|Any CPU
		{57C02362-4FBD-44D0-9630-3C90F67CD230}.Debug|Any CPU.ActiveCfg = Debug|Any CPU
		{57C02362-4FBD-44D0-9630-3C90F67CD230}.Debug|Any CPU.Build.0 = Debug|Any CPU
		{57C02362-4FBD-44D0-9630-3C90F67CD230}.Release|Any CPU.ActiveCfg = Release|Any CPU
		{57C02362-4FBD-44D0-9630-3C90F67CD230}.Release|Any CPU.Build.0 = Release|Any CPU
		{9E72BCE2-5970-4DB9-97B9-0EBD2274B0DF}.Debug|Any CPU.ActiveCfg = Debug|Any CPU
		{9E72BCE2-5970-4DB9-97B9-0EBD2274B0DF}.Debug|Any CPU.Build.0 = Debug|Any CPU
		{9E72BCE2-5970-4DB9-97B9-0EBD2274B0DF}.Release|Any CPU.ActiveCfg = Release|Any CPU
		{9E72BCE2-5970-4DB9-97B9-0EBD2274B0DF}.Release|Any CPU.Build.0 = Release|Any CPU
		{016495CF-AC48-49AD-9450-BB4D3645FEA5}.Debug|Any CPU.ActiveCfg = Debug|Any CPU
		{016495CF-AC48-49AD-9450-BB4D3645FEA5}.Debug|Any CPU.Build.0 = Debug|Any CPU
		{016495CF-AC48-49AD-9450-BB4D3645FEA5}.Release|Any CPU.ActiveCfg = Release|Any CPU
		{016495CF-AC48-49AD-9450-BB4D3645FEA5}.Release|Any CPU.Build.0 = Release|Any CPU
	EndGlobalSection
	GlobalSection(SolutionProperties) = preSolution
		HideSolutionNode = FALSE
	EndGlobalSection
EndGlobal
